// !$*UTF8*$!
{
	archiveVersion = 1;
	classes = {
	};
	objectVersion = 50;
	objects = {

/* Begin PBXBuildFile section */
		025112882472C72000E9BFE0 /* AppDelegate.swift in Sources */ = {isa = PBXBuildFile; fileRef = 025112872472C72000E9BFE0 /* AppDelegate.swift */; };
		0251128A2472C72000E9BFE0 /* SceneDelegate.swift in Sources */ = {isa = PBXBuildFile; fileRef = 025112892472C72000E9BFE0 /* SceneDelegate.swift */; };
		0251128C2472C72000E9BFE0 /* ContentView.swift in Sources */ = {isa = PBXBuildFile; fileRef = 0251128B2472C72000E9BFE0 /* ContentView.swift */; };
		0251128E2472C72300E9BFE0 /* Assets.xcassets in Resources */ = {isa = PBXBuildFile; fileRef = 0251128D2472C72300E9BFE0 /* Assets.xcassets */; };
		025112912472C72300E9BFE0 /* Preview Assets.xcassets in Resources */ = {isa = PBXBuildFile; fileRef = 025112902472C72300E9BFE0 /* Preview Assets.xcassets */; };
		025112942472C72300E9BFE0 /* LaunchScreen.storyboard in Resources */ = {isa = PBXBuildFile; fileRef = 025112922472C72300E9BFE0 /* LaunchScreen.storyboard */; };
		0251129C2472C84400E9BFE0 /* Task.swift in Sources */ = {isa = PBXBuildFile; fileRef = 0251129B2472C84400E9BFE0 /* Task.swift */; };
		0251129F2472C93C00E9BFE0 /* TaskStore.swift in Sources */ = {isa = PBXBuildFile; fileRef = 0251129E2472C93C00E9BFE0 /* TaskStore.swift */; };
		025112A324732ACC00E9BFE0 /* NewTaskView.swift in Sources */ = {isa = PBXBuildFile; fileRef = 025112A224732ACC00E9BFE0 /* NewTaskView.swift */; };
		02FC61B9247412CF0073D3CA /* RowView.swift in Sources */ = {isa = PBXBuildFile; fileRef = 02FC61B8247412CF0073D3CA /* RowView.swift */; };
		02FC61BB247419560073D3CA /* TaskEditingView.swift in Sources */ = {isa = PBXBuildFile; fileRef = 02FC61BA247419560073D3CA /* TaskEditingView.swift */; };
		02FC61BF24741C060073D3CA /* ForEach.swift in Sources */ = {isa = PBXBuildFile; fileRef = 02FC61BD24741C060073D3CA /* ForEach.swift */; };
		02FC61C024741C060073D3CA /* IndexedCollection.swift in Sources */ = {isa = PBXBuildFile; fileRef = 02FC61BE24741C060073D3CA /* IndexedCollection.swift */; };
		02FC61C22474249D0073D3CA /* Task.Priority.swift in Sources */ = {isa = PBXBuildFile; fileRef = 02FC61C12474249D0073D3CA /* Task.Priority.swift */; };
		02FC61C4247424ED0073D3CA /* TaskStore.Prioritized.swift in Sources */ = {isa = PBXBuildFile; fileRef = 02FC61C3247424ED0073D3CA /* TaskStore.Prioritized.swift */; };
		02FC61C6247434E70073D3CA /* SectionView.swift in Sources */ = {isa = PBXBuildFile; fileRef = 02FC61C5247434E70073D3CA /* SectionView.swift */; };
		02FC61C82474400A0073D3CA /* Binding.swift in Sources */ = {isa = PBXBuildFile; fileRef = 02FC61C72474400A0073D3CA /* Binding.swift */; };
/* End PBXBuildFile section */

/* Begin PBXFileReference section */
		025112842472C72000E9BFE0 /* TaskList.app */ = {isa = PBXFileReference; explicitFileType = wrapper.application; includeInIndex = 0; path = TaskList.app; sourceTree = BUILT_PRODUCTS_DIR; };
		025112872472C72000E9BFE0 /* AppDelegate.swift */ = {isa = PBXFileReference; lastKnownFileType = sourcecode.swift; path = AppDelegate.swift; sourceTree = "<group>"; };
		025112892472C72000E9BFE0 /* SceneDelegate.swift */ = {isa = PBXFileReference; lastKnownFileType = sourcecode.swift; path = SceneDelegate.swift; sourceTree = "<group>"; };
		0251128B2472C72000E9BFE0 /* ContentView.swift */ = {isa = PBXFileReference; lastKnownFileType = sourcecode.swift; path = ContentView.swift; sourceTree = "<group>"; };
		0251128D2472C72300E9BFE0 /* Assets.xcassets */ = {isa = PBXFileReference; lastKnownFileType = folder.assetcatalog; path = Assets.xcassets; sourceTree = "<group>"; };
		025112902472C72300E9BFE0 /* Preview Assets.xcassets */ = {isa = PBXFileReference; lastKnownFileType = folder.assetcatalog; path = "Preview Assets.xcassets"; sourceTree = "<group>"; };
		025112932472C72300E9BFE0 /* Base */ = {isa = PBXFileReference; lastKnownFileType = file.storyboard; name = Base; path = Base.lproj/LaunchScreen.storyboard; sourceTree = "<group>"; };
		025112952472C72300E9BFE0 /* Info.plist */ = {isa = PBXFileReference; lastKnownFileType = text.plist.xml; path = Info.plist; sourceTree = "<group>"; };
		0251129B2472C84400E9BFE0 /* Task.swift */ = {isa = PBXFileReference; lastKnownFileType = sourcecode.swift; path = Task.swift; sourceTree = "<group>"; };
		0251129E2472C93C00E9BFE0 /* TaskStore.swift */ = {isa = PBXFileReference; lastKnownFileType = sourcecode.swift; path = TaskStore.swift; sourceTree = "<group>"; };
		025112A224732ACC00E9BFE0 /* NewTaskView.swift */ = {isa = PBXFileReference; lastKnownFileType = sourcecode.swift; path = NewTaskView.swift; sourceTree = "<group>"; };
		02FC61B8247412CF0073D3CA /* RowView.swift */ = {isa = PBXFileReference; lastKnownFileType = sourcecode.swift; path = RowView.swift; sourceTree = "<group>"; };
		02FC61BA247419560073D3CA /* TaskEditingView.swift */ = {isa = PBXFileReference; lastKnownFileType = sourcecode.swift; path = TaskEditingView.swift; sourceTree = "<group>"; };
		02FC61BD24741C060073D3CA /* ForEach.swift */ = {isa = PBXFileReference; fileEncoding = 4; lastKnownFileType = sourcecode.swift; name = ForEach.swift; path = "../../../../Downloads/P03E04 Binding/Begin/TaskList/extension/ForEach.swift"; sourceTree = "<group>"; };
		02FC61BE24741C060073D3CA /* IndexedCollection.swift */ = {isa = PBXFileReference; fileEncoding = 4; lastKnownFileType = sourcecode.swift; name = IndexedCollection.swift; path = "../../../../Downloads/P03E04 Binding/Begin/TaskList/extension/IndexedCollection.swift"; sourceTree = "<group>"; };
		02FC61C12474249D0073D3CA /* Task.Priority.swift */ = {isa = PBXFileReference; lastKnownFileType = sourcecode.swift; path = Task.Priority.swift; sourceTree = "<group>"; };
		02FC61C3247424ED0073D3CA /* TaskStore.Prioritized.swift */ = {isa = PBXFileReference; lastKnownFileType = sourcecode.swift; path = TaskStore.Prioritized.swift; sourceTree = "<group>"; };
		02FC61C5247434E70073D3CA /* SectionView.swift */ = {isa = PBXFileReference; lastKnownFileType = sourcecode.swift; path = SectionView.swift; sourceTree = "<group>"; };
		02FC61C72474400A0073D3CA /* Binding.swift */ = {isa = PBXFileReference; fileEncoding = 4; lastKnownFileType = sourcecode.swift; name = Binding.swift; path = "../../../../Downloads/P04E07 Picker Views/Begin/TaskList/extension/Binding.swift"; sourceTree = "<group>"; };
/* End PBXFileReference section */

/* Begin PBXFrameworksBuildPhase section */
		025112812472C72000E9BFE0 /* Frameworks */ = {
			isa = PBXFrameworksBuildPhase;
			buildActionMask = 2147483647;
			files = (
			);
			runOnlyForDeploymentPostprocessing = 0;
		};
/* End PBXFrameworksBuildPhase section */

/* Begin PBXGroup section */
		0251127B2472C72000E9BFE0 = {
			isa = PBXGroup;
			children = (
				02FC61BC24741AE60073D3CA /* extension */,
				025112862472C72000E9BFE0 /* TaskList */,
				025112852472C72000E9BFE0 /* Products */,
			);
			sourceTree = "<group>";
		};
		025112852472C72000E9BFE0 /* Products */ = {
			isa = PBXGroup;
			children = (
				025112842472C72000E9BFE0 /* TaskList.app */,
			);
			name = Products;
			sourceTree = "<group>";
		};
		025112862472C72000E9BFE0 /* TaskList */ = {
			isa = PBXGroup;
			children = (
				025112872472C72000E9BFE0 /* AppDelegate.swift */,
				025112892472C72000E9BFE0 /* SceneDelegate.swift */,
				0251129D2472C8F600E9BFE0 /* Models */,
				025112A424732B2600E9BFE0 /* Views */,
				0251128D2472C72300E9BFE0 /* Assets.xcassets */,
				025112922472C72300E9BFE0 /* LaunchScreen.storyboard */,
				025112952472C72300E9BFE0 /* Info.plist */,
				0251128F2472C72300E9BFE0 /* Preview Content */,
			);
			path = TaskList;
			sourceTree = "<group>";
		};
		0251128F2472C72300E9BFE0 /* Preview Content */ = {
			isa = PBXGroup;
			children = (
				025112902472C72300E9BFE0 /* Preview Assets.xcassets */,
			);
			path = "Preview Content";
			sourceTree = "<group>";
		};
		0251129D2472C8F600E9BFE0 /* Models */ = {
			isa = PBXGroup;
			children = (
				0251129B2472C84400E9BFE0 /* Task.swift */,
				02FC61C12474249D0073D3CA /* Task.Priority.swift */,
				0251129E2472C93C00E9BFE0 /* TaskStore.swift */,
				02FC61C3247424ED0073D3CA /* TaskStore.Prioritized.swift */,
			);
			path = Models;
			sourceTree = "<group>";
		};
		025112A424732B2600E9BFE0 /* Views */ = {
			isa = PBXGroup;
			children = (
				0251128B2472C72000E9BFE0 /* ContentView.swift */,
				02FC61C5247434E70073D3CA /* SectionView.swift */,
				02FC61BA247419560073D3CA /* TaskEditingView.swift */,
				025112A224732ACC00E9BFE0 /* NewTaskView.swift */,
				02FC61B8247412CF0073D3CA /* RowView.swift */,
			);
			path = Views;
			sourceTree = "<group>";
		};
		02FC61BC24741AE60073D3CA /* extension */ = {
			isa = PBXGroup;
			children = (
				02FC61BD24741C060073D3CA /* ForEach.swift */,
				02FC61C72474400A0073D3CA /* Binding.swift */,
				02FC61BE24741C060073D3CA /* IndexedCollection.swift */,
			);
			path = extension;
			sourceTree = "<group>";
		};
/* End PBXGroup section */

/* Begin PBXNativeTarget section */
		025112832472C72000E9BFE0 /* TaskList */ = {
			isa = PBXNativeTarget;
			buildConfigurationList = 025112982472C72300E9BFE0 /* Build configuration list for PBXNativeTarget "TaskList" */;
			buildPhases = (
				025112802472C72000E9BFE0 /* Sources */,
				025112812472C72000E9BFE0 /* Frameworks */,
				025112822472C72000E9BFE0 /* Resources */,
			);
			buildRules = (
			);
			dependencies = (
			);
			name = TaskList;
			productName = TaskList;
			productReference = 025112842472C72000E9BFE0 /* TaskList.app */;
			productType = "com.apple.product-type.application";
		};
/* End PBXNativeTarget section */

/* Begin PBXProject section */
		0251127C2472C72000E9BFE0 /* Project object */ = {
			isa = PBXProject;
			attributes = {
				LastSwiftUpdateCheck = 1140;
				LastUpgradeCheck = 1140;
				ORGANIZATIONNAME = LudwigVaan;
				TargetAttributes = {
					025112832472C72000E9BFE0 = {
						CreatedOnToolsVersion = 11.4;
					};
				};
			};
			buildConfigurationList = 0251127F2472C72000E9BFE0 /* Build configuration list for PBXProject "TaskList" */;
			compatibilityVersion = "Xcode 9.3";
			developmentRegion = en;
			hasScannedForEncodings = 0;
			knownRegions = (
				en,
				Base,
			);
			mainGroup = 0251127B2472C72000E9BFE0;
			productRefGroup = 025112852472C72000E9BFE0 /* Products */;
			projectDirPath = "";
			projectRoot = "";
			targets = (
				025112832472C72000E9BFE0 /* TaskList */,
			);
		};
/* End PBXProject section */

/* Begin PBXResourcesBuildPhase section */
		025112822472C72000E9BFE0 /* Resources */ = {
			isa = PBXResourcesBuildPhase;
			buildActionMask = 2147483647;
			files = (
				025112942472C72300E9BFE0 /* LaunchScreen.storyboard in Resources */,
				025112912472C72300E9BFE0 /* Preview Assets.xcassets in Resources */,
				0251128E2472C72300E9BFE0 /* Assets.xcassets in Resources */,
			);
			runOnlyForDeploymentPostprocessing = 0;
		};
/* End PBXResourcesBuildPhase section */

/* Begin PBXSourcesBuildPhase section */
		025112802472C72000E9BFE0 /* Sources */ = {
			isa = PBXSourcesBuildPhase;
			buildActionMask = 2147483647;
			files = (
				0251129F2472C93C00E9BFE0 /* TaskStore.swift in Sources */,
				02FC61C024741C060073D3CA /* IndexedCollection.swift in Sources */,
				0251129C2472C84400E9BFE0 /* Task.swift in Sources */,
				02FC61C82474400A0073D3CA /* Binding.swift in Sources */,
				02FC61BB247419560073D3CA /* TaskEditingView.swift in Sources */,
				02FC61BF24741C060073D3CA /* ForEach.swift in Sources */,
				02FC61C4247424ED0073D3CA /* TaskStore.Prioritized.swift in Sources */,
				02FC61B9247412CF0073D3CA /* RowView.swift in Sources */,
				02FC61C22474249D0073D3CA /* Task.Priority.swift in Sources */,
				02FC61C6247434E70073D3CA /* SectionView.swift in Sources */,
				025112A324732ACC00E9BFE0 /* NewTaskView.swift in Sources */,
				025112882472C72000E9BFE0 /* AppDelegate.swift in Sources */,
				0251128A2472C72000E9BFE0 /* SceneDelegate.swift in Sources */,
				0251128C2472C72000E9BFE0 /* ContentView.swift in Sources */,
			);
			runOnlyForDeploymentPostprocessing = 0;
		};
/* End PBXSourcesBuildPhase section */

/* Begin PBXVariantGroup section */
		025112922472C72300E9BFE0 /* LaunchScreen.storyboard */ = {
			isa = PBXVariantGroup;
			children = (
				025112932472C72300E9BFE0 /* Base */,
			);
			name = LaunchScreen.storyboard;
			sourceTree = "<group>";
		};
/* End PBXVariantGroup section */

/* Begin XCBuildConfiguration section */
		025112962472C72300E9BFE0 /* Debug */ = {
			isa = XCBuildConfiguration;
			buildSettings = {
				ALWAYS_SEARCH_USER_PATHS = NO;
				CLANG_ANALYZER_NONNULL = YES;
				CLANG_ANALYZER_NUMBER_OBJECT_CONVERSION = YES_AGGRESSIVE;
				CLANG_CXX_LANGUAGE_STANDARD = "gnu++14";
				CLANG_CXX_LIBRARY = "libc++";
				CLANG_ENABLE_MODULES = YES;
				CLANG_ENABLE_OBJC_ARC = YES;
				CLANG_ENABLE_OBJC_WEAK = YES;
				CLANG_WARN_BLOCK_CAPTURE_AUTORELEASING = YES;
				CLANG_WARN_BOOL_CONVERSION = YES;
				CLANG_WARN_COMMA = YES;
				CLANG_WARN_CONSTANT_CONVERSION = YES;
				CLANG_WARN_DEPRECATED_OBJC_IMPLEMENTATIONS = YES;
				CLANG_WARN_DIRECT_OBJC_ISA_USAGE = YES_ERROR;
				CLANG_WARN_DOCUMENTATION_COMMENTS = YES;
				CLANG_WARN_EMPTY_BODY = YES;
				CLANG_WARN_ENUM_CONVERSION = YES;
				CLANG_WARN_INFINITE_RECURSION = YES;
				CLANG_WARN_INT_CONVERSION = YES;
				CLANG_WARN_NON_LITERAL_NULL_CONVERSION = YES;
				CLANG_WARN_OBJC_IMPLICIT_RETAIN_SELF = YES;
				CLANG_WARN_OBJC_LITERAL_CONVERSION = YES;
				CLANG_WARN_OBJC_ROOT_CLASS = YES_ERROR;
				CLANG_WARN_RANGE_LOOP_ANALYSIS = YES;
				CLANG_WARN_STRICT_PROTOTYPES = YES;
				CLANG_WARN_SUSPICIOUS_MOVE = YES;
				CLANG_WARN_UNGUARDED_AVAILABILITY = YES_AGGRESSIVE;
				CLANG_WARN_UNREACHABLE_CODE = YES;
				CLANG_WARN__DUPLICATE_METHOD_MATCH = YES;
				COPY_PHASE_STRIP = NO;
				DEBUG_INFORMATION_FORMAT = dwarf;
				ENABLE_STRICT_OBJC_MSGSEND = YES;
				ENABLE_TESTABILITY = YES;
				GCC_C_LANGUAGE_STANDARD = gnu11;
				GCC_DYNAMIC_NO_PIC = NO;
				GCC_NO_COMMON_BLOCKS = YES;
				GCC_OPTIMIZATION_LEVEL = 0;
				GCC_PREPROCESSOR_DEFINITIONS = (
					"DEBUG=1",
					"$(inherited)",
				);
				GCC_WARN_64_TO_32_BIT_CONVERSION = YES;
				GCC_WARN_ABOUT_RETURN_TYPE = YES_ERROR;
				GCC_WARN_UNDECLARED_SELECTOR = YES;
				GCC_WARN_UNINITIALIZED_AUTOS = YES_AGGRESSIVE;
				GCC_WARN_UNUSED_FUNCTION = YES;
				GCC_WARN_UNUSED_VARIABLE = YES;
				IPHONEOS_DEPLOYMENT_TARGET = 13.4;
				MTL_ENABLE_DEBUG_INFO = INCLUDE_SOURCE;
				MTL_FAST_MATH = YES;
				ONLY_ACTIVE_ARCH = YES;
				SDKROOT = iphoneos;
				SWIFT_ACTIVE_COMPILATION_CONDITIONS = DEBUG;
				SWIFT_OPTIMIZATION_LEVEL = "-Onone";
			};
			name = Debug;
		};
		025112972472C72300E9BFE0 /* Release */ = {
			isa = XCBuildConfiguration;
			buildSettings = {
				ALWAYS_SEARCH_USER_PATHS = NO;
				CLANG_ANALYZER_NONNULL = YES;
				CLANG_ANALYZER_NUMBER_OBJECT_CONVERSION = YES_AGGRESSIVE;
				CLANG_CXX_LANGUAGE_STANDARD = "gnu++14";
				CLANG_CXX_LIBRARY = "libc++";
				CLANG_ENABLE_MODULES = YES;
				CLANG_ENABLE_OBJC_ARC = YES;
				CLANG_ENABLE_OBJC_WEAK = YES;
				CLANG_WARN_BLOCK_CAPTURE_AUTORELEASING = YES;
				CLANG_WARN_BOOL_CONVERSION = YES;
				CLANG_WARN_COMMA = YES;
				CLANG_WARN_CONSTANT_CONVERSION = YES;
				CLANG_WARN_DEPRECATED_OBJC_IMPLEMENTATIONS = YES;
				CLANG_WARN_DIRECT_OBJC_ISA_USAGE = YES_ERROR;
				CLANG_WARN_DOCUMENTATION_COMMENTS = YES;
				CLANG_WARN_EMPTY_BODY = YES;
				CLANG_WARN_ENUM_CONVERSION = YES;
				CLANG_WARN_INFINITE_RECURSION = YES;
				CLANG_WARN_INT_CONVERSION = YES;
				CLANG_WARN_NON_LITERAL_NULL_CONVERSION = YES;
				CLANG_WARN_OBJC_IMPLICIT_RETAIN_SELF = YES;
				CLANG_WARN_OBJC_LITERAL_CONVERSION = YES;
				CLANG_WARN_OBJC_ROOT_CLASS = YES_ERROR;
				CLANG_WARN_RANGE_LOOP_ANALYSIS = YES;
				CLANG_WARN_STRICT_PROTOTYPES = YES;
				CLANG_WARN_SUSPICIOUS_MOVE = YES;
				CLANG_WARN_UNGUARDED_AVAILABILITY = YES_AGGRESSIVE;
				CLANG_WARN_UNREACHABLE_CODE = YES;
				CLANG_WARN__DUPLICATE_METHOD_MATCH = YES;
				COPY_PHASE_STRIP = NO;
				DEBUG_INFORMATION_FORMAT = "dwarf-with-dsym";
				ENABLE_NS_ASSERTIONS = NO;
				ENABLE_STRICT_OBJC_MSGSEND = YES;
				GCC_C_LANGUAGE_STANDARD = gnu11;
				GCC_NO_COMMON_BLOCKS = YES;
				GCC_WARN_64_TO_32_BIT_CONVERSION = YES;
				GCC_WARN_ABOUT_RETURN_TYPE = YES_ERROR;
				GCC_WARN_UNDECLARED_SELECTOR = YES;
				GCC_WARN_UNINITIALIZED_AUTOS = YES_AGGRESSIVE;
				GCC_WARN_UNUSED_FUNCTION = YES;
				GCC_WARN_UNUSED_VARIABLE = YES;
				IPHONEOS_DEPLOYMENT_TARGET = 13.4;
				MTL_ENABLE_DEBUG_INFO = NO;
				MTL_FAST_MATH = YES;
				SDKROOT = iphoneos;
				SWIFT_COMPILATION_MODE = wholemodule;
				SWIFT_OPTIMIZATION_LEVEL = "-O";
				VALIDATE_PRODUCT = YES;
			};
			name = Release;
		};
		025112992472C72300E9BFE0 /* Debug */ = {
			isa = XCBuildConfiguration;
			buildSettings = {
				ASSETCATALOG_COMPILER_APPICON_NAME = AppIcon;
				CODE_SIGN_STYLE = Automatic;
				DEVELOPMENT_ASSET_PATHS = "\"TaskList/Preview Content\"";
				DEVELOPMENT_TEAM = 3GMN5HK6R6;
				ENABLE_PREVIEWS = YES;
				INFOPLIST_FILE = TaskList/Info.plist;
				LD_RUNPATH_SEARCH_PATHS = (
					"$(inherited)",
					"@executable_path/Frameworks",
				);
				PRODUCT_BUNDLE_IDENTIFIER = com.lvantours.TaskList;
				PRODUCT_NAME = "$(TARGET_NAME)";
				SWIFT_VERSION = 5.0;
				TARGETED_DEVICE_FAMILY = "1,2";
			};
			name = Debug;
		};
		0251129A2472C72300E9BFE0 /* Release */ = {
			isa = XCBuildConfiguration;
			buildSettings = {
				ASSETCATALOG_COMPILER_APPICON_NAME = AppIcon;
				CODE_SIGN_STYLE = Automatic;
				DEVELOPMENT_ASSET_PATHS = "\"TaskList/Preview Content\"";
				DEVELOPMENT_TEAM = 3GMN5HK6R6;
				ENABLE_PREVIEWS = YES;
				INFOPLIST_FILE = TaskList/Info.plist;
				LD_RUNPATH_SEARCH_PATHS = (
					"$(inherited)",
					"@executable_path/Frameworks",
				);
				PRODUCT_BUNDLE_IDENTIFIER = com.lvantours.TaskList;
				PRODUCT_NAME = "$(TARGET_NAME)";
				SWIFT_VERSION = 5.0;
				TARGETED_DEVICE_FAMILY = "1,2";
			};
			name = Release;
		};
/* End XCBuildConfiguration section */

/* Begin XCConfigurationList section */
		0251127F2472C72000E9BFE0 /* Build configuration list for PBXProject "TaskList" */ = {
			isa = XCConfigurationList;
			buildConfigurations = (
				025112962472C72300E9BFE0 /* Debug */,
				025112972472C72300E9BFE0 /* Release */,
			);
			defaultConfigurationIsVisible = 0;
			defaultConfigurationName = Release;
		};
		025112982472C72300E9BFE0 /* Build configuration list for PBXNativeTarget "TaskList" */ = {
			isa = XCConfigurationList;
			buildConfigurations = (
				025112992472C72300E9BFE0 /* Debug */,
				0251129A2472C72300E9BFE0 /* Release */,
			);
			defaultConfigurationIsVisible = 0;
			defaultConfigurationName = Release;
		};
/* End XCConfigurationList section */
	};
	rootObject = 0251127C2472C72000E9BFE0 /* Project object */;
}
